
Microsoft Visual Studio Solution File, Format Version 12.00
# Visual Studio Version 17
VisualStudioVersion = 17.9.34728.123
MinimumVisualStudioVersion = 10.0.40219.1
Project("{2150E333-8FDC-42A3-9474-1A3956D46DE8}") = "1-Presentation", "1-Presentation", "{839C8959-D7DE-4203-999B-9BDEA2165EAE}"
EndProject
Project("{2150E333-8FDC-42A3-9474-1A3956D46DE8}") = "2-Domain", "2-Domain", "{03562E8E-8708-4937-BE4D-9EEEC5A295EC}"
EndProject
Project("{2150E333-8FDC-42A3-9474-1A3956D46DE8}") = "3-Data", "3-Data", "{9CAC3088-B6ED-4964-A143-4B58CEDB5302}"
EndProject
Project("{9A19103F-16F7-4668-BE54-9A1E7A4F7556}") = "GlobalThings.API", "GlobalThings.API\GlobalThings.API.csproj", "{6AB52100-04E2-4C14-844E-45D30ED55B0A}"
EndProject
Project("{9A19103F-16F7-4668-BE54-9A1E7A4F7556}") = "GlobalThings.Domain", "GlobalThings.Domain\GlobalThings.Domain.csproj", "{A8704E35-AD50-45D0-B5D7-3CD5B5EA6A17}"
EndProject
Project("{9A19103F-16F7-4668-BE54-9A1E7A4F7556}") = "GlobalThings.Repository", "GlobalThings.Repository\GlobalThings.Repository.csproj", "{EC09B05B-A1E5-4094-BED8-C302BEB8466F}"
EndProject
Project("{2150E333-8FDC-42A3-9474-1A3956D46DE8}") = "3.1-Repository", "3.1-Repository", "{A4FFFA98-1806-44C3-AB69-4D3015D35F6F}"
EndProject
Project("{2150E333-8FDC-42A3-9474-1A3956D46DE8}") = "3.2-IoC", "3.2-IoC", "{096A210B-DED2-4CD6-9DE3-5ABD93853E78}"
EndProject
Project("{9A19103F-16F7-4668-BE54-9A1E7A4F7556}") = "GlobalThings.IoC", "GlobalThings.IoC\GlobalThings.IoC.csproj", "{890A7B60-7F89-4D95-8632-CA4872088087}"
EndProject
Project("{2150E333-8FDC-42A3-9474-1A3956D46DE8}") = "1.1-API", "1.1-API", "{C7A33410-5FFB-49AA-B122-E1CDE25C631C}"
EndProject
Project("{2150E333-8FDC-42A3-9474-1A3956D46DE8}") = "1.2-Teste", "1.2-Teste", "{EB02A80F-C42A-4A2B-B4DA-77E41F401978}"
EndProject
Project("{FAE04EC0-301F-11D3-BF4B-00C04F79EFBC}") = "GlobalThings.Api.Test", "GlobalThings.Api.Test\GlobalThings.Api.Test.csproj", "{FEFA3EE5-A411-4450-BB5A-63AB8E0622E8}"
EndProject
Global
	GlobalSection(SolutionConfigurationPlatforms) = preSolution
		Debug|Any CPU = Debug|Any CPU
		Release|Any CPU = Release|Any CPU
	EndGlobalSection
	GlobalSection(ProjectConfigurationPlatforms) = postSolution
		{6AB52100-04E2-4C14-844E-45D30ED55B0A}.Debug|Any CPU.ActiveCfg = Debug|Any CPU
		{6AB52100-04E2-4C14-844E-45D30ED55B0A}.Debug|Any CPU.Build.0 = Debug|Any CPU
		{6AB52100-04E2-4C14-844E-45D30ED55B0A}.Release|Any CPU.ActiveCfg = Release|Any CPU
		{6AB52100-04E2-4C14-844E-45D30ED55B0A}.Release|Any CPU.Build.0 = Release|Any CPU
		{A8704E35-AD50-45D0-B5D7-3CD5B5EA6A17}.Debug|Any CPU.ActiveCfg = Debug|Any CPU
		{A8704E35-AD50-45D0-B5D7-3CD5B5EA6A17}.Debug|Any CPU.Build.0 = Debug|Any CPU
		{A8704E35-AD50-45D0-B5D7-3CD5B5EA6A17}.Release|Any CPU.ActiveCfg = Release|Any CPU
		{A8704E35-AD50-45D0-B5D7-3CD5B5EA6A17}.Release|Any CPU.Build.0 = Release|Any CPU
		{EC09B05B-A1E5-4094-BED8-C302BEB8466F}.Debug|Any CPU.ActiveCfg = Debug|Any CPU
		{EC09B05B-A1E5-4094-BED8-C302BEB8466F}.Debug|Any CPU.Build.0 = Debug|Any CPU
		{EC09B05B-A1E5-4094-BED8-C302BEB8466F}.Release|Any CPU.ActiveCfg = Release|Any CPU
		{EC09B05B-A1E5-4094-BED8-C302BEB8466F}.Release|Any CPU.Build.0 = Release|Any CPU
		{890A7B60-7F89-4D95-8632-CA4872088087}.Debug|Any CPU.ActiveCfg = Debug|Any CPU
		{890A7B60-7F89-4D95-8632-CA4872088087}.Debug|Any CPU.Build.0 = Debug|Any CPU
		{890A7B60-7F89-4D95-8632-CA4872088087}.Release|Any CPU.ActiveCfg = Release|Any CPU
		{890A7B60-7F89-4D95-8632-CA4872088087}.Release|Any CPU.Build.0 = Release|Any CPU
		{FEFA3EE5-A411-4450-BB5A-63AB8E0622E8}.Debug|Any CPU.ActiveCfg = Debug|Any CPU
		{FEFA3EE5-A411-4450-BB5A-63AB8E0622E8}.Debug|Any CPU.Build.0 = Debug|Any CPU
		{FEFA3EE5-A411-4450-BB5A-63AB8E0622E8}.Release|Any CPU.ActiveCfg = Release|Any CPU
		{FEFA3EE5-A411-4450-BB5A-63AB8E0622E8}.Release|Any CPU.Build.0 = Release|Any CPU
	EndGlobalSection
	GlobalSection(SolutionProperties) = preSolution
		HideSolutionNode = FALSE
	EndGlobalSection
	GlobalSection(NestedProjects) = preSolution
		{6AB52100-04E2-4C14-844E-45D30ED55B0A} = {C7A33410-5FFB-49AA-B122-E1CDE25C631C}
		{A8704E35-AD50-45D0-B5D7-3CD5B5EA6A17} = {03562E8E-8708-4937-BE4D-9EEEC5A295EC}
		{EC09B05B-A1E5-4094-BED8-C302BEB8466F} = {A4FFFA98-1806-44C3-AB69-4D3015D35F6F}
		{A4FFFA98-1806-44C3-AB69-4D3015D35F6F} = {9CAC3088-B6ED-4964-A143-4B58CEDB5302}
		{096A210B-DED2-4CD6-9DE3-5ABD93853E78} = {9CAC3088-B6ED-4964-A143-4B58CEDB5302}
		{890A7B60-7F89-4D95-8632-CA4872088087} = {096A210B-DED2-4CD6-9DE3-5ABD93853E78}
		{C7A33410-5FFB-49AA-B122-E1CDE25C631C} = {839C8959-D7DE-4203-999B-9BDEA2165EAE}
		{EB02A80F-C42A-4A2B-B4DA-77E41F401978} = {839C8959-D7DE-4203-999B-9BDEA2165EAE}
		{FEFA3EE5-A411-4450-BB5A-63AB8E0622E8} = {EB02A80F-C42A-4A2B-B4DA-77E41F401978}
	EndGlobalSection
	GlobalSection(ExtensibilityGlobals) = postSolution
		SolutionGuid = {1707C8EF-B9FA-4CC0-889F-A9D3C317B6CD}
	EndGlobalSection
EndGlobal
